{
  "version": 4,
  "terraform_version": "1.0.4",
  "serial": 67,
  "lineage": "160ff35d-e6e0-9011-38bf-7c07f18f4372",
  "outputs": {
    "ip": {
      "value": "34.134.59.89",
      "type": "string"
    }
  },
  "resources": [
    {
      "mode": "managed",
      "type": "google_compute_firewall",
      "name": "terraformed_firewall",
      "provider": "provider[\"registry.terraform.io/hashicorp/google\"]",
      "instances": [
        {
          "index_key": "http-8080-ingress",
          "schema_version": 1,
          "attributes": {
            "allow": [
              {
                "ports": [
                  "8080"
                ],
                "protocol": "tcp"
              }
            ],
            "creation_timestamp": "2022-02-21T19:39:38.924-08:00",
            "deny": [],
            "description": "",
            "destination_ranges": [],
            "direction": "INGRESS",
            "disabled": false,
            "enable_logging": null,
            "id": "projects/javasre/global/firewalls/http-8080-ingress",
            "log_config": [],
            "name": "http-8080-ingress",
            "network": "https://www.googleapis.com/compute/v1/projects/javasre/global/networks/java-sre-vpc-4fa5d100612b3765",
            "priority": 1000,
            "project": "javasre",
            "self_link": "https://www.googleapis.com/compute/v1/projects/javasre/global/firewalls/http-8080-ingress",
            "source_ranges": [
              "0.0.0.0/0"
            ],
            "source_service_accounts": [],
            "source_tags": [],
            "target_service_accounts": [],
            "target_tags": [
              "javasre"
            ],
            "timeouts": null
          },
          "sensitive_attributes": [],
          "private": "eyJlMmJmYjczMC1lY2FhLTExZTYtOGY4OC0zNDM2M2JjN2M0YzAiOnsiY3JlYXRlIjoxMjAwMDAwMDAwMDAwLCJkZWxldGUiOjEyMDAwMDAwMDAwMDAsInVwZGF0ZSI6MTIwMDAwMDAwMDAwMH0sInNjaGVtYV92ZXJzaW9uIjoiMSJ9",
          "dependencies": [
            "google_compute_network.vpc_network",
            "random_id.vpc_id"
          ]
        },
        {
          "index_key": "ssh-ingress",
          "schema_version": 1,
          "attributes": {
            "allow": [
              {
                "ports": [
                  "22"
                ],
                "protocol": "tcp"
              }
            ],
            "creation_timestamp": "2022-02-21T19:39:38.900-08:00",
            "deny": [],
            "description": "",
            "destination_ranges": [],
            "direction": "INGRESS",
            "disabled": false,
            "enable_logging": null,
            "id": "projects/javasre/global/firewalls/ssh-ingress",
            "log_config": [],
            "name": "ssh-ingress",
            "network": "https://www.googleapis.com/compute/v1/projects/javasre/global/networks/java-sre-vpc-4fa5d100612b3765",
            "priority": 1000,
            "project": "javasre",
            "self_link": "https://www.googleapis.com/compute/v1/projects/javasre/global/firewalls/ssh-ingress",
            "source_ranges": [
              "0.0.0.0/0"
            ],
            "source_service_accounts": [],
            "source_tags": [],
            "target_service_accounts": [],
            "target_tags": [
              "javasre"
            ],
            "timeouts": null
          },
          "sensitive_attributes": [],
          "private": "eyJlMmJmYjczMC1lY2FhLTExZTYtOGY4OC0zNDM2M2JjN2M0YzAiOnsiY3JlYXRlIjoxMjAwMDAwMDAwMDAwLCJkZWxldGUiOjEyMDAwMDAwMDAwMDAsInVwZGF0ZSI6MTIwMDAwMDAwMDAwMH0sInNjaGVtYV92ZXJzaW9uIjoiMSJ9",
          "dependencies": [
            "google_compute_network.vpc_network",
            "random_id.vpc_id"
          ]
        }
      ]
    },
    {
      "mode": "managed",
      "type": "google_compute_instance",
      "name": "terraformed_instance",
      "provider": "provider[\"registry.terraform.io/hashicorp/google\"]",
      "instances": [
        {
          "schema_version": 6,
          "attributes": {
            "advanced_machine_features": [],
            "allow_stopping_for_update": null,
            "attached_disk": [],
            "boot_disk": [
              {
                "auto_delete": true,
                "device_name": "persistent-disk-0",
                "disk_encryption_key_raw": "",
                "disk_encryption_key_sha256": "",
                "initialize_params": [
                  {
                    "image": "https://www.googleapis.com/compute/v1/projects/ubuntu-os-cloud/global/images/ubuntu-1804-bionic-v20220213",
                    "labels": {},
                    "size": 10,
                    "type": "pd-standard"
                  }
                ],
                "kms_key_self_link": "",
                "mode": "READ_WRITE",
                "source": "https://www.googleapis.com/compute/v1/projects/javasre/zones/us-central1-a/disks/javasre-instance-344708829d223592"
              }
            ],
            "can_ip_forward": false,
            "confidential_instance_config": [],
            "cpu_platform": "Intel Broadwell",
            "current_status": "RUNNING",
            "deletion_protection": false,
            "description": "",
            "desired_status": null,
            "enable_display": false,
            "guest_accelerator": [],
            "hostname": "",
            "id": "projects/javasre/zones/us-central1-a/instances/javasre-instance-344708829d223592",
            "instance_id": "1852114781670597462",
            "label_fingerprint": "42WmSpB8rSM=",
            "labels": null,
            "machine_type": "e2-micro",
            "metadata": {
              "ssh-keys": "august.duet:ssh-ed25519 AAAAC3NzaC1lZDI1NTE5AAAAIDJXZcAfrghB23GHJFvW5iYH0Bn62CI3Q6K73FIJa00N august.duet@revature.com\r\n",
              "startup-script": "sudo apt-get update\n\nsudo apt-get install -y default-jre docker.io maven\n\ncurl -fsSL https://pkg.jenkins.io/debian-stable/jenkins.io.key | sudo tee \\\n    /usr/share/keyrings/jenkins-keyring.asc \u003e /dev/null\n\necho deb [signed-by=/usr/share/keyrings/jenkins-keyring.asc] \\\n    https://pkg.jenkins.io/debian-stable binary/ | sudo tee \\\n    /etc/apt/sources.list.d/jenkins.list \u003e /dev/null\n\nsudo apt-get update\nsudo apt-get install jenkins -y"
            },
            "metadata_fingerprint": "lW673PbnUIU=",
            "metadata_startup_script": null,
            "min_cpu_platform": "",
            "name": "javasre-instance-344708829d223592",
            "network_interface": [
              {
                "access_config": [
                  {
                    "nat_ip": "34.134.59.89",
                    "network_tier": "PREMIUM",
                    "public_ptr_domain_name": ""
                  }
                ],
                "alias_ip_range": [],
                "ipv6_access_config": [],
                "ipv6_access_type": "",
                "name": "nic0",
                "network": "https://www.googleapis.com/compute/v1/projects/javasre/global/networks/java-sre-vpc-4fa5d100612b3765",
                "network_ip": "10.128.0.3",
                "nic_type": "",
                "queue_count": 0,
                "stack_type": "IPV4_ONLY",
                "subnetwork": "https://www.googleapis.com/compute/v1/projects/javasre/regions/us-central1/subnetworks/java-sre-vpc-4fa5d100612b3765",
                "subnetwork_project": "javasre"
              }
            ],
            "project": "javasre",
            "reservation_affinity": [],
            "resource_policies": null,
            "scheduling": [
              {
                "automatic_restart": true,
                "min_node_cpus": 0,
                "node_affinities": [],
                "on_host_maintenance": "MIGRATE",
                "preemptible": false
              }
            ],
            "scratch_disk": [],
            "self_link": "https://www.googleapis.com/compute/v1/projects/javasre/zones/us-central1-a/instances/javasre-instance-344708829d223592",
            "service_account": [],
            "shielded_instance_config": [
              {
                "enable_integrity_monitoring": true,
                "enable_secure_boot": false,
                "enable_vtpm": true
              }
            ],
            "tags": [
              "javasre"
            ],
            "tags_fingerprint": "K_Hbba_3G7c=",
            "timeouts": null,
            "zone": "us-central1-a"
          },
          "sensitive_attributes": [],
          "private": "eyJlMmJmYjczMC1lY2FhLTExZTYtOGY4OC0zNDM2M2JjN2M0YzAiOnsiY3JlYXRlIjoxMjAwMDAwMDAwMDAwLCJkZWxldGUiOjEyMDAwMDAwMDAwMDAsInVwZGF0ZSI6MTIwMDAwMDAwMDAwMH0sInNjaGVtYV92ZXJzaW9uIjoiNiJ9",
          "dependencies": [
            "google_compute_network.vpc_network",
            "random_id.instance_id"
          ]
        }
      ]
    },
    {
      "mode": "managed",
      "type": "google_compute_network",
      "name": "vpc_network",
      "provider": "provider[\"registry.terraform.io/hashicorp/google\"]",
      "instances": [
        {
          "schema_version": 0,
          "attributes": {
            "auto_create_subnetworks": true,
            "delete_default_routes_on_create": false,
            "description": "",
            "gateway_ipv4": "",
            "id": "projects/javasre/global/networks/java-sre-vpc-4fa5d100612b3765",
            "mtu": 0,
            "name": "java-sre-vpc-4fa5d100612b3765",
            "project": "javasre",
            "routing_mode": "REGIONAL",
            "self_link": "https://www.googleapis.com/compute/v1/projects/javasre/global/networks/java-sre-vpc-4fa5d100612b3765",
            "timeouts": null
          },
          "sensitive_attributes": [],
          "private": "eyJlMmJmYjczMC1lY2FhLTExZTYtOGY4OC0zNDM2M2JjN2M0YzAiOnsiY3JlYXRlIjoxMjAwMDAwMDAwMDAwLCJkZWxldGUiOjEyMDAwMDAwMDAwMDAsInVwZGF0ZSI6MTIwMDAwMDAwMDAwMH19",
          "dependencies": [
            "random_id.vpc_id"
          ]
        }
      ]
    },
    {
      "mode": "managed",
      "type": "random_id",
      "name": "instance_id",
      "provider": "provider[\"registry.terraform.io/hashicorp/random\"]",
      "instances": [
        {
          "schema_version": 0,
          "attributes": {
            "b64_std": "NEcIgp0iNZI=",
            "b64_url": "NEcIgp0iNZI",
            "byte_length": 8,
            "dec": "3766988970393744786",
            "hex": "344708829d223592",
            "id": "NEcIgp0iNZI",
            "keepers": null,
            "prefix": null
          },
          "sensitive_attributes": [],
          "private": "bnVsbA=="
        }
      ]
    },
    {
      "mode": "managed",
      "type": "random_id",
      "name": "vpc_id",
      "provider": "provider[\"registry.terraform.io/hashicorp/random\"]",
      "instances": [
        {
          "schema_version": 0,
          "attributes": {
            "b64_std": "T6XRAGErN2U=",
            "b64_url": "T6XRAGErN2U",
            "byte_length": 8,
            "dec": "5739223099713992549",
            "hex": "4fa5d100612b3765",
            "id": "T6XRAGErN2U",
            "keepers": null,
            "prefix": null
          },
          "sensitive_attributes": [],
          "private": "bnVsbA=="
        }
      ]
    }
  ]
}
