{
  "version": 4,
  "terraform_version": "1.1.6",
  "serial": 56,
  "lineage": "b958fb98-73e7-808c-549f-5f0c6c74217f",
  "outputs": {
    "kubernetes_cluster_host": {
      "value": "34.70.136.218",
      "type": "string"
    },
    "kubernetes_cluster_name": {
      "value": "windy-album-339219-gke",
      "type": "string"
    },
    "project_id": {
      "value": "windy-album-339219",
      "type": "string"
    },
    "region": {
      "value": "us-central1",
      "type": "string"
    }
  },
  "resources": [
    {
      "mode": "managed",
      "type": "google_compute_network",
      "name": "vpc",
      "provider": "provider[\"registry.terraform.io/hashicorp/google\"]",
      "instances": [
        {
          "schema_version": 0,
          "attributes": {
            "auto_create_subnetworks": false,
            "delete_default_routes_on_create": false,
            "description": "",
            "gateway_ipv4": "",
            "id": "projects/windy-album-339219/global/networks/windy-album-339219-vpc",
            "mtu": 0,
            "name": "windy-album-339219-vpc",
            "project": "windy-album-339219",
            "routing_mode": "REGIONAL",
            "self_link": "https://www.googleapis.com/compute/v1/projects/windy-album-339219/global/networks/windy-album-339219-vpc",
            "timeouts": null
          },
          "sensitive_attributes": [],
          "private": "eyJlMmJmYjczMC1lY2FhLTExZTYtOGY4OC0zNDM2M2JjN2M0YzAiOnsiY3JlYXRlIjoxMjAwMDAwMDAwMDAwLCJkZWxldGUiOjEyMDAwMDAwMDAwMDAsInVwZGF0ZSI6MTIwMDAwMDAwMDAwMH19"
        }
      ]
    },
    {
      "mode": "managed",
      "type": "google_compute_subnetwork",
      "name": "subnet",
      "provider": "provider[\"registry.terraform.io/hashicorp/google\"]",
      "instances": [
        {
          "schema_version": 0,
          "attributes": {
            "creation_timestamp": "2022-02-26T10:35:26.375-08:00",
            "description": "",
            "external_ipv6_prefix": "",
            "fingerprint": null,
            "gateway_address": "10.10.0.1",
            "id": "projects/windy-album-339219/regions/us-central1/subnetworks/windy-album-339219-subnet",
            "ip_cidr_range": "10.10.0.0/24",
            "ipv6_access_type": "",
            "ipv6_cidr_range": "",
            "log_config": [],
            "name": "windy-album-339219-subnet",
            "network": "https://www.googleapis.com/compute/v1/projects/windy-album-339219/global/networks/windy-album-339219-vpc",
            "private_ip_google_access": false,
            "private_ipv6_google_access": "DISABLE_GOOGLE_ACCESS",
            "project": "windy-album-339219",
            "purpose": "PRIVATE",
            "region": "us-central1",
            "role": "",
            "secondary_ip_range": [],
            "self_link": "https://www.googleapis.com/compute/v1/projects/windy-album-339219/regions/us-central1/subnetworks/windy-album-339219-subnet",
            "stack_type": "IPV4_ONLY",
            "timeouts": null
          },
          "sensitive_attributes": [],
          "private": "eyJlMmJmYjczMC1lY2FhLTExZTYtOGY4OC0zNDM2M2JjN2M0YzAiOnsiY3JlYXRlIjoxMjAwMDAwMDAwMDAwLCJkZWxldGUiOjEyMDAwMDAwMDAwMDAsInVwZGF0ZSI6MTIwMDAwMDAwMDAwMH19",
          "dependencies": [
            "google_compute_network.vpc"
          ]
        }
      ]
    },
    {
      "mode": "managed",
      "type": "google_container_cluster",
      "name": "primary",
      "provider": "provider[\"registry.terraform.io/hashicorp/google\"]",
      "instances": [
        {
          "schema_version": 1,
          "attributes": {
            "addons_config": [
              {
                "cloudrun_config": [],
                "gcp_filestore_csi_driver_config": [],
                "horizontal_pod_autoscaling": [],
                "http_load_balancing": [],
                "network_policy_config": [
                  {
                    "disabled": true
                  }
                ]
              }
            ],
            "authenticator_groups_config": [],
            "cluster_autoscaling": [
              {
                "auto_provisioning_defaults": [],
                "enabled": false,
                "resource_limits": []
              }
            ],
            "cluster_ipv4_cidr": "10.184.0.0/14",
            "confidential_nodes": [],
            "database_encryption": [
              {
                "key_name": "",
                "state": "DECRYPTED"
              }
            ],
            "datapath_provider": "",
            "default_max_pods_per_node": null,
            "default_snat_status": [
              {
                "disabled": false
              }
            ],
            "description": "",
            "dns_config": [],
            "enable_autopilot": false,
            "enable_binary_authorization": false,
            "enable_intranode_visibility": false,
            "enable_kubernetes_alpha": false,
            "enable_legacy_abac": false,
            "enable_shielded_nodes": true,
            "enable_tpu": false,
            "endpoint": "34.70.136.218",
            "id": "projects/windy-album-339219/locations/us-central1/clusters/windy-album-339219-gke",
            "initial_node_count": 1,
            "ip_allocation_policy": [],
            "label_fingerprint": "a9dc16a7",
            "location": "us-central1",
            "logging_config": [
              {
                "enable_components": [
                  "SYSTEM_COMPONENTS",
                  "WORKLOADS"
                ]
              }
            ],
            "logging_service": "logging.googleapis.com/kubernetes",
            "maintenance_policy": [],
            "master_auth": [
              {
                "client_certificate": "",
                "client_certificate_config": [
                  {
                    "issue_client_certificate": false
                  }
                ],
                "client_key": "",
                "cluster_ca_certificate": "LS0tLS1CRUdJTiBDRVJUSUZJQ0FURS0tLS0tCk1JSUVMRENDQXBTZ0F3SUJBZ0lRVU8yeENIcVJ4a0ZMa0ROcVBOTGJrREFOQmdrcWhraUc5dzBCQVFzRkFEQXYKTVMwd0t3WURWUVFERXlSall6VXdZbVJsTnkweU1tTTNMVFJqWWpVdFlqRXhaQzFsTURJMk0ySTFOakV5WVRndwpJQmNOTWpJd01qSTJNVGN6TlRRM1doZ1BNakExTWpBeU1Ua3hPRE0xTkRkYU1DOHhMVEFyQmdOVkJBTVRKR05qCk5UQmlaR1UzTFRJeVl6Y3ROR05pTlMxaU1URmtMV1V3TWpZellqVTJNVEpoT0RDQ0FhSXdEUVlKS29aSWh2Y04KQVFFQkJRQURnZ0dQQURDQ0FZb0NnZ0dCQUx6K2NkMEFPZXI2RCtISWM5azlhT2J4cG1zelVLb2Iyb2RUMUwwYwpIdkxvWFF5bFZwQTJsWWFvWGF3WjhzSmpIYnMrY0t6QzYvTlFmc0luNU9qRzNzNHc4M1l3S1F4eTNkRGxNbHlRCnIrR09SR3lhenIvdWhjMDd4bDhDRXgyWkpwMXhTSDk4NFNKQlFZNU5VQ21OcTc3aEMzL1FvL3BMU09IWGNNY2EKQWxGdksxZXdtSlpBOUpqazh3N09hSjJOdmlUTlgwaFJ5TnhZc3BvamlkVCtOR2F6ZWZWc1F1azBSTTRtRHowVgpkcjQ5Wkc4MWxlRzhQall3eXg1TGRWSHlvRi85em1OUDIvZVMxeURJQ2lmTFI3WkR6OEZ6NVVjTlIvZHdsWnJjCjRqY29rQ2QvZ3NmbVF4MUphNFIxR0NMRnZsZTJtWDZhTERWUDZIN2VWVjV6VlZZbUpad1psODREVk1ZbS9oMWcKejRBWWhYbGl6aEc0b0hEeHhCSCszRjJKdDh3angyeFhCZmhuREV5bkxJQUJ4ZEw4UENxc0NNejhSek96MzVlSApqYjlvRmQyckdqdGxGVUZVQnNBUFVCdlJZT0RKbkFIdXNOR3dVZGZZcGt5SHRHeVJXSnJ6YTJra1N2ZW1ZeGZSClh3R2dzYi9oUWFHVnI0bTF0Nm5Ub3JLU1lRSURBUUFCbzBJd1FEQU9CZ05WSFE4QkFmOEVCQU1DQWdRd0R3WUQKVlIwVEFRSC9CQVV3QXdFQi96QWRCZ05WSFE0RUZnUVVKdWZoczVNa05XeTM3QXRlWllIZVpscHo2Mmt3RFFZSgpLb1pJaHZjTkFRRUxCUUFEZ2dHQkFERk5zNXREMmZNdDZaejhrRzBJc21ZN3BBeUllQUJmdHJSZ2Q5WVNjQ3hxCnROcElSbEh0VFVockNLcXJkZnd1Zy9yWXQrOTJzTU9MalM0NU16K3lya2RRaGtEMm10WG05SzNtTGh4dS9NL08KZWZHbVFiaXNBT2U2NmZJVWIvV04wb0lPV2swK21yN0xDM2xVQzBqWHI4Y0ZnbE9uL0wwVGtDNFJCWDdiMGoyMApKV3Z6dEdONEt5WjhNRzVsemRKUUZMNW1QZitIdUN1U21vNDFDVSt3MERtQjFQMmxtRm56NFlzTHhzYnNnalplCjRUNXRaZFFRZTBEMEZqS0NGSmRxNURQUGhhUWtyS2VUUmM2ZW5jNThiZW9NdWhmT0xKWHY5cytSVFIremE1Z3MKbmlWS1ppRUZWeExNbFphNXpub3hRa0J4R3pQS0dwZjUvWmovbXQwck5EU0xwUzMvUi9mdmtIdndNMEhRRnByUApFL1dNUlRUcTROVFYrYTV0Z1J3WWZndzUwaEFjVlJOc0VpaVFVenB6WlFJSDIvWDJNRGZrMzBhNGgveVRhTDRTCjJpdERJUGd6MjdqVnpUQmsxZG1SalJKdHAxL3kwbG9jcFduV2o1U3lyUGRGeXI5WHhESVNEaDdHRUZLT2Q4MFYKb2ltSTM3eFFGK0tYUE1iRUFPTzVRZz09Ci0tLS0tRU5EIENFUlRJRklDQVRFLS0tLS0K"
              }
            ],
            "master_authorized_networks_config": [],
            "master_version": "1.21.6-gke.1500",
            "min_master_version": null,
            "monitoring_config": [
              {
                "enable_components": [
                  "SYSTEM_COMPONENTS"
                ]
              }
            ],
            "monitoring_service": "monitoring.googleapis.com/kubernetes",
            "name": "windy-album-339219-gke",
            "network": "projects/windy-album-339219/global/networks/windy-album-339219-vpc",
            "network_policy": [
              {
                "enabled": false,
                "provider": "PROVIDER_UNSPECIFIED"
              }
            ],
            "networking_mode": "ROUTES",
            "node_config": [],
            "node_locations": [
              "us-central1-a",
              "us-central1-b",
              "us-central1-f"
            ],
            "node_pool": [],
            "node_version": "1.21.6-gke.1500",
            "operation": null,
            "private_cluster_config": [],
            "private_ipv6_google_access": "",
            "project": "windy-album-339219",
            "release_channel": [
              {
                "channel": "REGULAR"
              }
            ],
            "remove_default_node_pool": true,
            "resource_labels": null,
            "resource_usage_export_config": [],
            "self_link": "https://container.googleapis.com/v1/projects/windy-album-339219/locations/us-central1/clusters/windy-album-339219-gke",
            "services_ipv4_cidr": "10.187.240.0/20",
            "subnetwork": "projects/windy-album-339219/regions/us-central1/subnetworks/windy-album-339219-subnet",
            "timeouts": null,
            "tpu_ipv4_cidr_block": "",
            "vertical_pod_autoscaling": [],
            "workload_identity_config": []
          },
          "sensitive_attributes": [],
          "private": "eyJlMmJmYjczMC1lY2FhLTExZTYtOGY4OC0zNDM2M2JjN2M0YzAiOnsiY3JlYXRlIjoyNDAwMDAwMDAwMDAwLCJkZWxldGUiOjI0MDAwMDAwMDAwMDAsInJlYWQiOjI0MDAwMDAwMDAwMDAsInVwZGF0ZSI6MzYwMDAwMDAwMDAwMH0sInNjaGVtYV92ZXJzaW9uIjoiMSJ9",
          "dependencies": [
            "google_compute_network.vpc",
            "google_compute_subnetwork.subnet"
          ]
        }
      ]
    },
    {
      "mode": "managed",
      "type": "google_container_node_pool",
      "name": "primary_nodes",
      "provider": "provider[\"registry.terraform.io/hashicorp/google\"]",
      "instances": [
        {
          "schema_version": 1,
          "attributes": {
            "autoscaling": [],
            "cluster": "windy-album-339219-gke",
            "id": "projects/windy-album-339219/locations/us-central1/clusters/windy-album-339219-gke/nodePools/windy-album-339219-gke-node-pool",
            "initial_node_count": 1,
            "instance_group_urls": [
              "https://www.googleapis.com/compute/v1/projects/windy-album-339219/zones/us-central1-a/instanceGroupManagers/gke-windy-album-3392-windy-album-3392-226fc741-grp"
            ],
            "location": "us-central1",
            "managed_instance_group_urls": [
              "https://www.googleapis.com/compute/v1/projects/windy-album-339219/zones/us-central1-a/instanceGroups/gke-windy-album-3392-windy-album-3392-226fc741-grp"
            ],
            "management": [
              {
                "auto_repair": true,
                "auto_upgrade": true
              }
            ],
            "max_pods_per_node": null,
            "name": "windy-album-339219-gke-node-pool",
            "name_prefix": "",
            "node_config": [
              {
                "boot_disk_kms_key": "",
                "disk_size_gb": 100,
                "disk_type": "pd-standard",
                "gcfs_config": [],
                "guest_accelerator": [],
                "image_type": "COS_CONTAINERD",
                "labels": {
                  "env": "windy-album-339219"
                },
                "local_ssd_count": 0,
                "machine_type": "n1-standard-1",
                "metadata": {
                  "disable-legacy-endpoints": "true"
                },
                "min_cpu_platform": "",
                "node_group": "",
                "oauth_scopes": [
                  "https://www.googleapis.com/auth/logging.write",
                  "https://www.googleapis.com/auth/monitoring"
                ],
                "preemptible": false,
                "service_account": "default",
                "shielded_instance_config": [
                  {
                    "enable_integrity_monitoring": true,
                    "enable_secure_boot": false
                  }
                ],
                "tags": [
                  "gke-node",
                  "windy-album-339219-gke"
                ],
                "taint": [],
                "workload_metadata_config": []
              }
            ],
            "node_count": 1,
            "node_locations": [
              "us-central1-a"
            ],
            "operation": null,
            "project": "windy-album-339219",
            "timeouts": null,
            "upgrade_settings": [
              {
                "max_surge": 1,
                "max_unavailable": 0
              }
            ],
            "version": "1.21.6-gke.1500"
          },
          "sensitive_attributes": [],
          "private": "eyJlMmJmYjczMC1lY2FhLTExZTYtOGY4OC0zNDM2M2JjN2M0YzAiOnsiY3JlYXRlIjoxODAwMDAwMDAwMDAwLCJkZWxldGUiOjE4MDAwMDAwMDAwMDAsInVwZGF0ZSI6MTgwMDAwMDAwMDAwMH0sInNjaGVtYV92ZXJzaW9uIjoiMSJ9",
          "dependencies": [
            "google_compute_network.vpc",
            "google_compute_subnetwork.subnet",
            "google_container_cluster.primary"
          ]
        }
      ]
    }
  ]
}
