{
  "version": 4,
  "terraform_version": "1.1.6",
  "serial": 22,
  "lineage": "b958fb98-73e7-808c-549f-5f0c6c74217f",
  "outputs": {
    "kubernetes_cluster_host": {
      "value": "35.188.131.68",
      "type": "string"
    },
    "kubernetes_cluster_name": {
      "value": "windy-album-339219-gke",
      "type": "string"
    },
    "project_id": {
      "value": "windy-album-339219",
      "type": "string"
    },
    "region": {
      "value": "us-central1",
      "type": "string"
    }
  },
  "resources": [
    {
      "mode": "managed",
      "type": "google_compute_network",
      "name": "vpc",
      "provider": "provider[\"registry.terraform.io/hashicorp/google\"]",
      "instances": [
        {
          "schema_version": 0,
          "attributes": {
            "auto_create_subnetworks": false,
            "delete_default_routes_on_create": false,
            "description": "",
            "gateway_ipv4": "",
            "id": "projects/windy-album-339219/global/networks/windy-album-339219-vpc",
            "mtu": 0,
            "name": "windy-album-339219-vpc",
            "project": "windy-album-339219",
            "routing_mode": "REGIONAL",
            "self_link": "https://www.googleapis.com/compute/v1/projects/windy-album-339219/global/networks/windy-album-339219-vpc",
            "timeouts": null
          },
          "sensitive_attributes": [],
          "private": "eyJlMmJmYjczMC1lY2FhLTExZTYtOGY4OC0zNDM2M2JjN2M0YzAiOnsiY3JlYXRlIjoxMjAwMDAwMDAwMDAwLCJkZWxldGUiOjEyMDAwMDAwMDAwMDAsInVwZGF0ZSI6MTIwMDAwMDAwMDAwMH19"
        }
      ]
    },
    {
      "mode": "managed",
      "type": "google_compute_subnetwork",
      "name": "subnet",
      "provider": "provider[\"registry.terraform.io/hashicorp/google\"]",
      "instances": [
        {
          "schema_version": 0,
          "attributes": {
            "creation_timestamp": "2022-02-25T13:48:40.972-08:00",
            "description": "",
            "external_ipv6_prefix": "",
            "fingerprint": null,
            "gateway_address": "10.10.0.1",
            "id": "projects/windy-album-339219/regions/us-central1/subnetworks/windy-album-339219-subnet",
            "ip_cidr_range": "10.10.0.0/24",
            "ipv6_access_type": "",
            "ipv6_cidr_range": "",
            "log_config": [],
            "name": "windy-album-339219-subnet",
            "network": "https://www.googleapis.com/compute/v1/projects/windy-album-339219/global/networks/windy-album-339219-vpc",
            "private_ip_google_access": false,
            "private_ipv6_google_access": "DISABLE_GOOGLE_ACCESS",
            "project": "windy-album-339219",
            "purpose": "PRIVATE",
            "region": "us-central1",
            "role": "",
            "secondary_ip_range": [],
            "self_link": "https://www.googleapis.com/compute/v1/projects/windy-album-339219/regions/us-central1/subnetworks/windy-album-339219-subnet",
            "stack_type": "IPV4_ONLY",
            "timeouts": null
          },
          "sensitive_attributes": [],
          "private": "eyJlMmJmYjczMC1lY2FhLTExZTYtOGY4OC0zNDM2M2JjN2M0YzAiOnsiY3JlYXRlIjoxMjAwMDAwMDAwMDAwLCJkZWxldGUiOjEyMDAwMDAwMDAwMDAsInVwZGF0ZSI6MTIwMDAwMDAwMDAwMH19",
          "dependencies": [
            "google_compute_network.vpc"
          ]
        }
      ]
    },
    {
      "mode": "managed",
      "type": "google_container_cluster",
      "name": "primary",
      "provider": "provider[\"registry.terraform.io/hashicorp/google\"]",
      "instances": [
        {
          "schema_version": 1,
          "attributes": {
            "addons_config": [
              {
                "cloudrun_config": [],
                "gcp_filestore_csi_driver_config": [],
                "horizontal_pod_autoscaling": [],
                "http_load_balancing": [],
                "network_policy_config": [
                  {
                    "disabled": true
                  }
                ]
              }
            ],
            "authenticator_groups_config": [],
            "cluster_autoscaling": [
              {
                "auto_provisioning_defaults": [],
                "enabled": false,
                "resource_limits": []
              }
            ],
            "cluster_ipv4_cidr": "10.184.0.0/14",
            "confidential_nodes": [],
            "database_encryption": [
              {
                "key_name": "",
                "state": "DECRYPTED"
              }
            ],
            "datapath_provider": "",
            "default_max_pods_per_node": null,
            "default_snat_status": [
              {
                "disabled": false
              }
            ],
            "description": "",
            "dns_config": [],
            "enable_autopilot": false,
            "enable_binary_authorization": false,
            "enable_intranode_visibility": false,
            "enable_kubernetes_alpha": false,
            "enable_legacy_abac": false,
            "enable_shielded_nodes": true,
            "enable_tpu": false,
            "endpoint": "35.188.131.68",
            "id": "projects/windy-album-339219/locations/us-central1/clusters/windy-album-339219-gke",
            "initial_node_count": 1,
            "ip_allocation_policy": [],
            "label_fingerprint": "a9dc16a7",
            "location": "us-central1",
            "logging_config": [
              {
                "enable_components": [
                  "SYSTEM_COMPONENTS",
                  "WORKLOADS"
                ]
              }
            ],
            "logging_service": "logging.googleapis.com/kubernetes",
            "maintenance_policy": [],
            "master_auth": [
              {
                "client_certificate": "",
                "client_certificate_config": [
                  {
                    "issue_client_certificate": false
                  }
                ],
                "client_key": "",
                "cluster_ca_certificate": "LS0tLS1CRUdJTiBDRVJUSUZJQ0FURS0tLS0tCk1JSUVMVENDQXBXZ0F3SUJBZ0lSQUo2eExoRnJ1dVZJRGNHSXhmd1VPd2N3RFFZSktvWklodmNOQVFFTEJRQXcKTHpFdE1Dc0dBMVVFQXhNa1pUVTJZamxqWW1ZdFpUZ3lZeTAwTXpjMUxUazNZekF0TkdJMlpHUXdOakkyTTJNNApNQ0FYRFRJeU1ESXlOVEl3TkRrd01sb1lEekl3TlRJd01qRTRNakUwT1RBeVdqQXZNUzB3S3dZRFZRUURFeVJsCk5UWmlPV05pWmkxbE9ESmpMVFF6TnpVdE9UZGpNQzAwWWpaa1pEQTJNall6WXpnd2dnR2lNQTBHQ1NxR1NJYjMKRFFFQkFRVUFBNElCandBd2dnR0tBb0lCZ1FDZHRPZUxXdEJyTjlhTHJTVW9Rek81TE45azZjWm1YbnFrZHVYTgpKTENUTzVVb1RtV3YyY0ZhTXpVbUVjbkJLaHAzNGJJN0M2bXBvU2dyRldTME81eVEvK2pLTnJFWERkaE55WklkCkNnUWViU1BuVWNFOUh3VTJJUEVMNHhlRDVQWGRXNWYvalNTNUxmZHZpUU1FcVVUWWhlOGxUZFMvNVlMSnpZaDEKaW9ZZTdLeEkvRXh0L05iT0l6c1IrZVBQd1FRR0NybXc1NHREZlhSb1VaRkVmMVNrdEo5VHJxWGpqTlZFNUlwRApmZjlFajJlMDYxMkw1M3UyMlkydm8rQ2s4ai9iQ2MwMHRoR3JYbWdyWDI0YjU1UG84TW5tS09RVGZaQzFTdFMyCktKMFJXT3p1aXh3T1FQU1dGaG1DYkJMaUJwNkNiejJtcHJSNVFxK3U3bUdwZkNEUGtpYmR6S2N1SEhnQ3p1U3YKeVc4dnY1K0prbFhiNVZRT3JUdnhMUlFncUEyYXZxVlJQMmpQc1BySm9yYzFlU3pSWXdDUVZDTGFxeVIvSThvVQpVYWtyOU1wZ2lqdW9pL2pXcWw4NEEyNGhlSEFOZXdVK3FDZUIrd1BvekNSbDVCbzVZVUltdzFqL0lGZGlSYWp4Cm01dXNxekZ0aEpkWE5WNXBDc2VsMnNBb2doa0NBd0VBQWFOQ01FQXdEZ1lEVlIwUEFRSC9CQVFEQWdJRU1BOEcKQTFVZEV3RUIvd1FGTUFNQkFmOHdIUVlEVlIwT0JCWUVGQkZmSGhaS2NWVjFNRjlJYkZ0QjFzQnZjOGRtTUEwRwpDU3FHU0liM0RRRUJDd1VBQTRJQmdRQTg0R1A1ZHM2U0VoMEl1N3VTS2dFMlFJMjFoQ0h0WmdvV2J1bUJ3c0V2Cm5pT0RIT01QOGgrSVU3WnJPWUpHUVdBNlNnMTd4K2F6ZXVIa0l0QmJyazBVb3dyME0yTVhrSi9sV1VvNWlFWnEKZzFYbHlNNCt5WGlZRW5KTU4yckwwS0FRUWt0L0tVcG9RYkNQK2MzbmJLcjFFdjVYRG1SWUxxMlg2YTI4TSs1eApubGc4ZFFOdjB0MmFnaGpvajY0Y3hmZ3FqMWFWdzhhZ1grOXl4bVhWUVhwUVZLWlpQQ1pYS0U2QzQzL2ZKTURuCm9LSld5d0JIU2l4TVJ4TFl0dllFZUNLVjRETlBxWVN0Tlc4OTRtKzVtWmdzN2NHTUJPNlBxNHA2TzVHNDJUcGYKU3BqbnpqS0ljbFV5U2VUYnU0djhGdEh1Z0Y5YmV1MnZNVmtZWHdtbUVGNDRFNjFWUnJhdGo5ajJueVh1YmNvbwp4TmlRQnFEaVJiYUNZYWR2RnZlN3JRVmhJNm5WY05jRCtjZUNROVhHd1RFL2FJMWwyTlZ2M1NHaTVkcE4vOVRPCkdYdE9MS1NKM1VCNDdDT0V4OTYyd3NETDV4SlpKSUxGUlJPME5OeXVJTTlYeEZDVnhHYW5nOXZaakl4ekdHYkUKZVl5Nkk2K252RkdERlRqbk1YRHFFVzA9Ci0tLS0tRU5EIENFUlRJRklDQVRFLS0tLS0K"
              }
            ],
            "master_authorized_networks_config": [],
            "master_version": "1.21.6-gke.1500",
            "min_master_version": null,
            "monitoring_config": [
              {
                "enable_components": [
                  "SYSTEM_COMPONENTS"
                ]
              }
            ],
            "monitoring_service": "monitoring.googleapis.com/kubernetes",
            "name": "windy-album-339219-gke",
            "network": "projects/windy-album-339219/global/networks/windy-album-339219-vpc",
            "network_policy": [
              {
                "enabled": false,
                "provider": "PROVIDER_UNSPECIFIED"
              }
            ],
            "networking_mode": "ROUTES",
            "node_config": [],
            "node_locations": [
              "us-central1-a",
              "us-central1-c",
              "us-central1-f"
            ],
            "node_pool": [],
            "node_version": "1.21.6-gke.1500",
            "operation": null,
            "private_cluster_config": [],
            "private_ipv6_google_access": "",
            "project": "windy-album-339219",
            "release_channel": [
              {
                "channel": "REGULAR"
              }
            ],
            "remove_default_node_pool": true,
            "resource_labels": null,
            "resource_usage_export_config": [],
            "self_link": "https://container.googleapis.com/v1/projects/windy-album-339219/locations/us-central1/clusters/windy-album-339219-gke",
            "services_ipv4_cidr": "10.187.240.0/20",
            "subnetwork": "projects/windy-album-339219/regions/us-central1/subnetworks/windy-album-339219-subnet",
            "timeouts": null,
            "tpu_ipv4_cidr_block": "",
            "vertical_pod_autoscaling": [],
            "workload_identity_config": []
          },
          "sensitive_attributes": [],
          "private": "eyJlMmJmYjczMC1lY2FhLTExZTYtOGY4OC0zNDM2M2JjN2M0YzAiOnsiY3JlYXRlIjoyNDAwMDAwMDAwMDAwLCJkZWxldGUiOjI0MDAwMDAwMDAwMDAsInJlYWQiOjI0MDAwMDAwMDAwMDAsInVwZGF0ZSI6MzYwMDAwMDAwMDAwMH0sInNjaGVtYV92ZXJzaW9uIjoiMSJ9",
          "dependencies": [
            "google_compute_network.vpc",
            "google_compute_subnetwork.subnet"
          ]
        }
      ]
    },
    {
      "mode": "managed",
      "type": "google_container_node_pool",
      "name": "primary_nodes",
      "provider": "provider[\"registry.terraform.io/hashicorp/google\"]",
      "instances": [
        {
          "schema_version": 1,
          "attributes": {
            "autoscaling": [],
            "cluster": "windy-album-339219-gke",
            "id": "projects/windy-album-339219/locations/us-central1/clusters/windy-album-339219-gke/nodePools/windy-album-339219-gke-node-pool",
            "initial_node_count": 1,
            "instance_group_urls": [
              "https://www.googleapis.com/compute/v1/projects/windy-album-339219/zones/us-central1-f/instanceGroupManagers/gke-windy-album-3392-windy-album-3392-681651a3-grp",
              "https://www.googleapis.com/compute/v1/projects/windy-album-339219/zones/us-central1-c/instanceGroupManagers/gke-windy-album-3392-windy-album-3392-959b79ed-grp",
              "https://www.googleapis.com/compute/v1/projects/windy-album-339219/zones/us-central1-a/instanceGroupManagers/gke-windy-album-3392-windy-album-3392-81544d4e-grp"
            ],
            "location": "us-central1",
            "managed_instance_group_urls": [
              "https://www.googleapis.com/compute/v1/projects/windy-album-339219/zones/us-central1-f/instanceGroups/gke-windy-album-3392-windy-album-3392-681651a3-grp",
              "https://www.googleapis.com/compute/v1/projects/windy-album-339219/zones/us-central1-c/instanceGroups/gke-windy-album-3392-windy-album-3392-959b79ed-grp",
              "https://www.googleapis.com/compute/v1/projects/windy-album-339219/zones/us-central1-a/instanceGroups/gke-windy-album-3392-windy-album-3392-81544d4e-grp"
            ],
            "management": [
              {
                "auto_repair": true,
                "auto_upgrade": true
              }
            ],
            "max_pods_per_node": null,
            "name": "windy-album-339219-gke-node-pool",
            "name_prefix": "",
            "node_config": [
              {
                "boot_disk_kms_key": "",
                "disk_size_gb": 100,
                "disk_type": "pd-standard",
                "gcfs_config": [],
                "guest_accelerator": [],
                "image_type": "COS_CONTAINERD",
                "labels": {
                  "env": "windy-album-339219"
                },
                "local_ssd_count": 0,
                "machine_type": "n1-standard-1",
                "metadata": {
                  "disable-legacy-endpoints": "true"
                },
                "min_cpu_platform": "",
                "node_group": "",
                "oauth_scopes": [
                  "https://www.googleapis.com/auth/logging.write",
                  "https://www.googleapis.com/auth/monitoring"
                ],
                "preemptible": false,
                "service_account": "default",
                "shielded_instance_config": [
                  {
                    "enable_integrity_monitoring": true,
                    "enable_secure_boot": false
                  }
                ],
                "tags": [
                  "gke-node",
                  "windy-album-339219-gke"
                ],
                "taint": [],
                "workload_metadata_config": []
              }
            ],
            "node_count": 1,
            "node_locations": [
              "us-central1-a",
              "us-central1-c",
              "us-central1-f"
            ],
            "operation": null,
            "project": "windy-album-339219",
            "timeouts": null,
            "upgrade_settings": [
              {
                "max_surge": 1,
                "max_unavailable": 0
              }
            ],
            "version": "1.21.6-gke.1500"
          },
          "sensitive_attributes": [],
          "private": "eyJlMmJmYjczMC1lY2FhLTExZTYtOGY4OC0zNDM2M2JjN2M0YzAiOnsiY3JlYXRlIjoxODAwMDAwMDAwMDAwLCJkZWxldGUiOjE4MDAwMDAwMDAwMDAsInVwZGF0ZSI6MTgwMDAwMDAwMDAwMH0sInNjaGVtYV92ZXJzaW9uIjoiMSJ9",
          "dependencies": [
            "google_compute_network.vpc",
            "google_compute_subnetwork.subnet",
            "google_container_cluster.primary"
          ]
        }
      ]
    }
  ]
}
